
Microsoft Visual Studio Solution File, Format Version 12.00
# Visual Studio Version 17
VisualStudioVersion = 17.6.33815.320
MinimumVisualStudioVersion = 10.0.40219.1
Project("{9A19103F-16F7-4668-BE54-9A1E7A4F7556}") = "ChallengeApp", "ChallengeApp\ChallengeApp.csproj", "{75B3D580-F718-4792-9319-EB940635FF65}"
EndProject
Project("{9A19103F-16F7-4668-BE54-9A1E7A4F7556}") = "ChallengeApp.Tests", "ChallengeApp.Tests\ChallengeApp.Tests\ChallengeApp.Tests.csproj", "{7464576A-C6AF-4FBB-87CD-A89BB54D804F}"
EndProject
Global
	GlobalSection(SolutionConfigurationPlatforms) = preSolution
		Debug|Any CPU = Debug|Any CPU
		Release|Any CPU = Release|Any CPU
	EndGlobalSection
	GlobalSection(ProjectConfigurationPlatforms) = postSolution
		{75B3D580-F718-4792-9319-EB940635FF65}.Debug|Any CPU.ActiveCfg = Debug|Any CPU
		{75B3D580-F718-4792-9319-EB940635FF65}.Debug|Any CPU.Build.0 = Debug|Any CPU
		{75B3D580-F718-4792-9319-EB940635FF65}.Release|Any CPU.ActiveCfg = Release|Any CPU
		{75B3D580-F718-4792-9319-EB940635FF65}.Release|Any CPU.Build.0 = Release|Any CPU
		{7464576A-C6AF-4FBB-87CD-A89BB54D804F}.Debug|Any CPU.ActiveCfg = Debug|Any CPU
		{7464576A-C6AF-4FBB-87CD-A89BB54D804F}.Debug|Any CPU.Build.0 = Debug|Any CPU
		{7464576A-C6AF-4FBB-87CD-A89BB54D804F}.Release|Any CPU.ActiveCfg = Release|Any CPU
		{7464576A-C6AF-4FBB-87CD-A89BB54D804F}.Release|Any CPU.Build.0 = Release|Any CPU
	EndGlobalSection
	GlobalSection(SolutionProperties) = preSolution
		HideSolutionNode = FALSE
	EndGlobalSection
	GlobalSection(ExtensibilityGlobals) = postSolution
		SolutionGuid = {EE97F181-D668-4F1B-8780-340138B9D65A}
	EndGlobalSection
EndGlobal
